PODS:
  - Capacitor (6.1.2):
    - CapacitorCordova
  - CapacitorCamera (6.0.2):
    - Capacitor
  - CapacitorCordova (6.1.2)
  - CapacitorFilesystem (6.0.1):
    - Capacitor

DEPENDENCIES:
  - "Capacitor (from `../../node_modules/@capacitor/ios`)"
  - "CapacitorCamera (from `../../node_modules/@capacitor/camera`)"
  - "CapacitorCordova (from `../../node_modules/@capacitor/ios`)"
  - "CapacitorFilesystem (from `../../node_modules/@capacitor/filesystem`)"

EXTERNAL SOURCES:
  Capacitor:
    :path: "../../node_modules/@capacitor/ios"
  CapacitorCamera:
    :path: "../../node_modules/@capacitor/camera"
  CapacitorCordova:
    :path: "../../node_modules/@capacitor/ios"
  CapacitorFilesystem:
    :path: "../../node_modules/@capacitor/filesystem"

SPEC CHECKSUMS:
  Capacitor: 679f9673fdf30597493a6362a5d5bf233d46abc2
  CapacitorCamera: ed022171dbf3853e68eec877b4d78995378af6b7
  CapacitorCordova: f48c89f96c319101cd2f0ce8a2b7449b5fb8b3dd
  CapacitorFilesystem: 37fb3aa5c945b4539ab11c74a5c57925a302bf24

PODFILE CHECKSUM: 89fa98fb482f66e0dc3e2a3f1a32716a23058510

COCOAPODS: 1.15.2
